{
  "version": 1,
  "dependencies": {
    "net10.0": {
      "KafkaHighThroughput": {
        "type": "Direct",
        "requested": "[1.0.0-preview.1, )",
        "resolved": "1.0.0-preview.1",
        "contentHash": "KbXemal6rwVLgRy42xj54X5GlIDVTBiYkOM2wQeoE6mohPW5pAmKJ7zozOoQNqOjhjlEfHxDE8nPkuAF/Vmfug==",
        "dependencies": {
          "Confluent.Kafka": "2.15.0"
        }
      },
      "Swashbuckle.AspNetCore": {
        "type": "Direct",
        "requested": "[10.2.3, )",
        "resolved": "10.2.3",
        "contentHash": "8KNh1RWvofdU6DVLyBs4Z/OpUMnmf8oNvJQc0QxpwySRbi42bwLfdVMMrXZWANg5U5KQGQq1xW6r/hlcqw99tQ==",
        "dependencies": {
          "Microsoft.Extensions.ApiDescription.Server": "10.0.0",
          "Swashbuckle.AspNetCore.Swagger": "10.2.3",
          "Swashbuckle.AspNetCore.SwaggerGen": "10.2.3",
          "Swashbuckle.AspNetCore.SwaggerUI": "10.2.3"
        }
      },
      "Confluent.Kafka": {
        "type": "Transitive",
        "resolved": "2.15.0",
        "contentHash": "/BOEnIKAq1AHq6vPl+0RBDiKwI6L6tJaYBo1qH+OAUP5MFy0i0MhSfgtqKW9/M8J9dQPfb/izWU+R0Uc6DyW2w==",
        "dependencies": {
          "librdkafka.redist": "2.15.0"
        }
      },
      "librdkafka.redist": {
        "type": "Transitive",
        "resolved": "2.15.0",
        "contentHash": "DzG2YcqWPT3Ly91aeDYsgsVcJXlOMiK9oqyRdPvQz9ZMbcV8Ob0rQA6fNUQ4sarmzFk4phqwPlVQxtZDGLP69w=="
      },
      "Microsoft.Extensions.ApiDescription.Server": {
        "type": "Transitive",
        "resolved": "10.0.0",
        "contentHash": "NCWCGiwRwje8773yzPQhvucYnnfeR+ZoB1VRIrIMp4uaeUNw7jvEPHij3HIbwCDuNCrNcphA00KSAR9yD9qmbg=="
      },
      "Microsoft.OpenApi": {
        "type": "Transitive",
        "resolved": "2.7.5",
        "contentHash": "0FA67RSnRM4tcBKqiqVu/HPdZ9+QOKbmeRjxRUGTCjPU4C0bmUhd97Dso7Yild5P7nOV6GxJ2xrK0Kv/O9xp0w=="
      },
      "Swashbuckle.AspNetCore.Swagger": {
        "type": "Transitive",
        "resolved": "10.2.3",
        "contentHash": "1jUUs3WQnrS0FUtaZPLSy1yYMEwS1zlvDmvQ2/eldPHUANX0LJSLVZecCMgSMdeGiRqeaRrIXLtSz++TCiTMww==",
        "dependencies": {
          "Microsoft.OpenApi": "2.7.5"
        }
      },
      "Swashbuckle.AspNetCore.SwaggerGen": {
        "type": "Transitive",
        "resolved": "10.2.3",
        "contentHash": "y7t4coDRAeFYChmvlMRiH2OjbiRrm9AVIDgt17fQfs3x9PVAI5PiwWYOhg+4F13R4Q36WDc9lqfoOnNa3tNbGg==",
        "dependencies": {
          "Swashbuckle.AspNetCore.Swagger": "10.2.3"
        }
      },
      "Swashbuckle.AspNetCore.SwaggerUI": {
        "type": "Transitive",
        "resolved": "10.2.3",
        "contentHash": "nthWONRs/FJ4yyG206g1cC52WEG8EqrjuMWjGdR+5XG7lbjFto6NqcI9EMICgVFom/UivIjUVwI76ZHbHwTPfQ=="
      }
    }
  }
}